
Microsoft Visual Studio Solution File, Format Version 12.00
# Visual Studio 15
VisualStudioVersion = 15.0.26730.16
MinimumVisualStudioVersion = 10.0.40219.1
Project("{FAE04EC0-301F-11D3-BF4B-00C04F79EFBC}") = "Z2", "Z2\Z2.csproj", "{84FD7059-9710-4F4F-8011-7F2F234415AD}"
EndProject
Global
	GlobalSection(SolutionConfigurationPlatforms) = preSolution
		Debug|Any CPU = Debug|Any CPU
		Release|Any CPU = Release|Any CPU
	EndGlobalSection
	GlobalSection(ProjectConfigurationPlatforms) = postSolution
		{84FD7059-9710-4F4F-8011-7F2F234415AD}.Debug|Any CPU.ActiveCfg = Debug|Any CPU
		{84FD7059-9710-4F4F-8011-7F2F234415AD}.Debug|Any CPU.Build.0 = Debug|Any CPU
		{84FD7059-9710-4F4F-8011-7F2F234415AD}.Release|Any CPU.ActiveCfg = Release|Any CPU
		{84FD7059-9710-4F4F-8011-7F2F234415AD}.Release|Any CPU.Build.0 = Release|Any CPU
	EndGlobalSection
	GlobalSection(SolutionProperties) = preSolution
		HideSolutionNode = FALSE
	EndGlobalSection
	GlobalSection(ExtensibilityGlobals) = postSolution
		SolutionGuid = {50FF0A46-A238-426D-8535-EEE9BDBE38F7}
	EndGlobalSection
EndGlobal
